
Microsoft Visual Studio Solution File, Format Version 12.00
# Visual Studio 15
VisualStudioVersion = 15.0.27130.2026
MinimumVisualStudioVersion = 10.0.40219.1
Project("{FAE04EC0-301F-11D3-BF4B-00C04F79EFBC}") = "MarkdownMonster", "MarkdownMonster\MarkdownMonster.csproj", "{CB4EAB0E-1796-476E-83A0-20DA826E1C02}"
EndProject
Project("{2150E333-8FDC-42A3-9474-1A3956D46DE8}") = "Solution Items", "Solution Items", "{D99D7B57-1FA8-43F4-99D5-DA37D316F960}"
	ProjectSection(SolutionItems) = preProject
		Changelog.md = Changelog.md
		README.md = README.md
		TipOfTheDay.md = TipOfTheDay.md
		Todo.md = Todo.md
	EndProjectSection
EndProject
Project("{FAE04EC0-301F-11D3-BF4B-00C04F79EFBC}") = "ScreenCaptureAddin", "AddIns\ScreenCaptureAddin\ScreenCaptureAddin.csproj", "{3827411C-B50A-4696-9BD3-B7A71F25801A}"
EndProject
Project("{FAE04EC0-301F-11D3-BF4B-00C04F79EFBC}") = "WebLogAddin", "AddIns\WebLogAddin\WebLogAddin.csproj", "{A9FDC380-DAB2-4E40-B5D1-563B5023AAFC}"
EndProject
Project("{2150E333-8FDC-42A3-9474-1A3956D46DE8}") = "Tests", "Tests", "{DAF26FA7-FEE5-45D5-81D3-A473B858C7AA}"
EndProject
Project("{FAE04EC0-301F-11D3-BF4B-00C04F79EFBC}") = "ScreenCaptureAdd.Test", "Tests\ScreenCaptureAddIn.Test\ScreenCaptureAdd.Test.csproj", "{7EDA8CFE-B576-480B-804E-63DC372CF41D}"
EndProject
Project("{FAE04EC0-301F-11D3-BF4B-00C04F79EFBC}") = "WeblogAddin.Test", "Tests\WeblogAddin.Test\WeblogAddin.Test.csproj", "{4832D00A-BE3B-4F3B-93DB-D2FB6406F1B3}"
EndProject
Project("{FAE04EC0-301F-11D3-BF4B-00C04F79EFBC}") = "MarkdownMonster.Test", "Tests\MarkdownMonster.Test\MarkdownMonster.Test.csproj", "{A3FCE345-F767-487F-86BF-DFA78B4BC218}"
EndProject
Project("{2150E333-8FDC-42A3-9474-1A3956D46DE8}") = "AddIns", "AddIns", "{4F5BF002-399D-4830-BA4E-23EE97D97956}"
EndProject
Global
	GlobalSection(SolutionConfigurationPlatforms) = preSolution
		Debug|Any CPU = Debug|Any CPU
		Debug|x86 = Debug|x86
		Deploy|Any CPU = Deploy|Any CPU
		Deploy|x86 = Deploy|x86
		net40|Any CPU = net40|Any CPU
		net40|x86 = net40|x86
		Release|Any CPU = Release|Any CPU
		Release|x86 = Release|x86
		SandBox|Any CPU = SandBox|Any CPU
		SandBox|x86 = SandBox|x86
	EndGlobalSection
	GlobalSection(ProjectConfigurationPlatforms) = postSolution
		{CB4EAB0E-1796-476E-83A0-20DA826E1C02}.Debug|Any CPU.ActiveCfg = Debug|Any CPU
		{CB4EAB0E-1796-476E-83A0-20DA826E1C02}.Debug|Any CPU.Build.0 = Debug|Any CPU
		{CB4EAB0E-1796-476E-83A0-20DA826E1C02}.Debug|x86.ActiveCfg = Debug|x86
		{CB4EAB0E-1796-476E-83A0-20DA826E1C02}.Debug|x86.Build.0 = Debug|x86
		{CB4EAB0E-1796-476E-83A0-20DA826E1C02}.Deploy|Any CPU.ActiveCfg = Debug|Any CPU
		{CB4EAB0E-1796-476E-83A0-20DA826E1C02}.Deploy|Any CPU.Build.0 = Debug|Any CPU
		{CB4EAB0E-1796-476E-83A0-20DA826E1C02}.Deploy|x86.ActiveCfg = Debug|x86
		{CB4EAB0E-1796-476E-83A0-20DA826E1C02}.Deploy|x86.Build.0 = Debug|x86
		{CB4EAB0E-1796-476E-83A0-20DA826E1C02}.net40|Any CPU.ActiveCfg = Release|Any CPU
		{CB4EAB0E-1796-476E-83A0-20DA826E1C02}.net40|Any CPU.Build.0 = Release|Any CPU
		{CB4EAB0E-1796-476E-83A0-20DA826E1C02}.net40|x86.ActiveCfg = Release|x86
		{CB4EAB0E-1796-476E-83A0-20DA826E1C02}.net40|x86.Build.0 = Release|x86
		{CB4EAB0E-1796-476E-83A0-20DA826E1C02}.Release|Any CPU.ActiveCfg = Release|Any CPU
		{CB4EAB0E-1796-476E-83A0-20DA826E1C02}.Release|Any CPU.Build.0 = Release|Any CPU
		{CB4EAB0E-1796-476E-83A0-20DA826E1C02}.Release|x86.ActiveCfg = Release|x86
		{CB4EAB0E-1796-476E-83A0-20DA826E1C02}.Release|x86.Build.0 = Release|x86
		{CB4EAB0E-1796-476E-83A0-20DA826E1C02}.SandBox|Any CPU.ActiveCfg = Release|Any CPU
		{CB4EAB0E-1796-476E-83A0-20DA826E1C02}.SandBox|Any CPU.Build.0 = Release|Any CPU
		{CB4EAB0E-1796-476E-83A0-20DA826E1C02}.SandBox|x86.ActiveCfg = Release|x86
		{CB4EAB0E-1796-476E-83A0-20DA826E1C02}.SandBox|x86.Build.0 = Release|x86
		{3827411C-B50A-4696-9BD3-B7A71F25801A}.Debug|Any CPU.ActiveCfg = Debug|Any CPU
		{3827411C-B50A-4696-9BD3-B7A71F25801A}.Debug|Any CPU.Build.0 = Debug|Any CPU
		{3827411C-B50A-4696-9BD3-B7A71F25801A}.Debug|x86.ActiveCfg = Debug|x86
		{3827411C-B50A-4696-9BD3-B7A71F25801A}.Debug|x86.Build.0 = Debug|x86
		{3827411C-B50A-4696-9BD3-B7A71F25801A}.Deploy|Any CPU.ActiveCfg = Debug|Any CPU
		{3827411C-B50A-4696-9BD3-B7A71F25801A}.Deploy|Any CPU.Build.0 = Debug|Any CPU
		{3827411C-B50A-4696-9BD3-B7A71F25801A}.Deploy|x86.ActiveCfg = Debug|x86
		{3827411C-B50A-4696-9BD3-B7A71F25801A}.Deploy|x86.Build.0 = Debug|x86
		{3827411C-B50A-4696-9BD3-B7A71F25801A}.net40|Any CPU.ActiveCfg = Release|Any CPU
		{3827411C-B50A-4696-9BD3-B7A71F25801A}.net40|Any CPU.Build.0 = Release|Any CPU
		{3827411C-B50A-4696-9BD3-B7A71F25801A}.net40|x86.ActiveCfg = Release|x86
		{3827411C-B50A-4696-9BD3-B7A71F25801A}.net40|x86.Build.0 = Release|x86
		{3827411C-B50A-4696-9BD3-B7A71F25801A}.Release|Any CPU.ActiveCfg = Release|Any CPU
		{3827411C-B50A-4696-9BD3-B7A71F25801A}.Release|Any CPU.Build.0 = Release|Any CPU
		{3827411C-B50A-4696-9BD3-B7A71F25801A}.Release|x86.ActiveCfg = Release|x86
		{3827411C-B50A-4696-9BD3-B7A71F25801A}.Release|x86.Build.0 = Release|x86
		{3827411C-B50A-4696-9BD3-B7A71F25801A}.SandBox|Any CPU.ActiveCfg = Release|Any CPU
		{3827411C-B50A-4696-9BD3-B7A71F25801A}.SandBox|Any CPU.Build.0 = Release|Any CPU
		{3827411C-B50A-4696-9BD3-B7A71F25801A}.SandBox|x86.ActiveCfg = Release|x86
		{3827411C-B50A-4696-9BD3-B7A71F25801A}.SandBox|x86.Build.0 = Release|x86
		{A9FDC380-DAB2-4E40-B5D1-563B5023AAFC}.Debug|Any CPU.ActiveCfg = Debug|Any CPU
		{A9FDC380-DAB2-4E40-B5D1-563B5023AAFC}.Debug|Any CPU.Build.0 = Debug|Any CPU
		{A9FDC380-DAB2-4E40-B5D1-563B5023AAFC}.Debug|x86.ActiveCfg = Debug|x86
		{A9FDC380-DAB2-4E40-B5D1-563B5023AAFC}.Debug|x86.Build.0 = Debug|x86
		{A9FDC380-DAB2-4E40-B5D1-563B5023AAFC}.Deploy|Any CPU.ActiveCfg = Debug|Any CPU
		{A9FDC380-DAB2-4E40-B5D1-563B5023AAFC}.Deploy|Any CPU.Build.0 = Debug|Any CPU
		{A9FDC380-DAB2-4E40-B5D1-563B5023AAFC}.Deploy|x86.ActiveCfg = Debug|x86
		{A9FDC380-DAB2-4E40-B5D1-563B5023AAFC}.Deploy|x86.Build.0 = Debug|x86
		{A9FDC380-DAB2-4E40-B5D1-563B5023AAFC}.net40|Any CPU.ActiveCfg = Release|Any CPU
		{A9FDC380-DAB2-4E40-B5D1-563B5023AAFC}.net40|Any CPU.Build.0 = Release|Any CPU
		{A9FDC380-DAB2-4E40-B5D1-563B5023AAFC}.net40|x86.ActiveCfg = Release|x86
		{A9FDC380-DAB2-4E40-B5D1-563B5023AAFC}.net40|x86.Build.0 = Release|x86
		{A9FDC380-DAB2-4E40-B5D1-563B5023AAFC}.Release|Any CPU.ActiveCfg = Release|Any CPU
		{A9FDC380-DAB2-4E40-B5D1-563B5023AAFC}.Release|Any CPU.Build.0 = Release|Any CPU
		{A9FDC380-DAB2-4E40-B5D1-563B5023AAFC}.Release|x86.ActiveCfg = Release|x86
		{A9FDC380-DAB2-4E40-B5D1-563B5023AAFC}.Release|x86.Build.0 = Release|x86
		{A9FDC380-DAB2-4E40-B5D1-563B5023AAFC}.SandBox|Any CPU.ActiveCfg = Release|Any CPU
		{A9FDC380-DAB2-4E40-B5D1-563B5023AAFC}.SandBox|Any CPU.Build.0 = Release|Any CPU
		{A9FDC380-DAB2-4E40-B5D1-563B5023AAFC}.SandBox|x86.ActiveCfg = Release|x86
		{A9FDC380-DAB2-4E40-B5D1-563B5023AAFC}.SandBox|x86.Build.0 = Release|x86
		{7EDA8CFE-B576-480B-804E-63DC372CF41D}.Debug|Any CPU.ActiveCfg = Debug|Any CPU
		{7EDA8CFE-B576-480B-804E-63DC372CF41D}.Debug|Any CPU.Build.0 = Debug|Any CPU
		{7EDA8CFE-B576-480B-804E-63DC372CF41D}.Debug|x86.ActiveCfg = Debug|x86
		{7EDA8CFE-B576-480B-804E-63DC372CF41D}.Debug|x86.Build.0 = Debug|x86
		{7EDA8CFE-B576-480B-804E-63DC372CF41D}.Deploy|Any CPU.ActiveCfg = Debug|Any CPU
		{7EDA8CFE-B576-480B-804E-63DC372CF41D}.Deploy|Any CPU.Build.0 = Debug|Any CPU
		{7EDA8CFE-B576-480B-804E-63DC372CF41D}.Deploy|x86.ActiveCfg = Debug|x86
		{7EDA8CFE-B576-480B-804E-63DC372CF41D}.Deploy|x86.Build.0 = Debug|x86
		{7EDA8CFE-B576-480B-804E-63DC372CF41D}.net40|Any CPU.ActiveCfg = Release|Any CPU
		{7EDA8CFE-B576-480B-804E-63DC372CF41D}.net40|Any CPU.Build.0 = Release|Any CPU
		{7EDA8CFE-B576-480B-804E-63DC372CF41D}.net40|x86.ActiveCfg = Release|x86
		{7EDA8CFE-B576-480B-804E-63DC372CF41D}.net40|x86.Build.0 = Release|x86
		{7EDA8CFE-B576-480B-804E-63DC372CF41D}.Release|Any CPU.ActiveCfg = Release|Any CPU
		{7EDA8CFE-B576-480B-804E-63DC372CF41D}.Release|Any CPU.Build.0 = Release|Any CPU
		{7EDA8CFE-B576-480B-804E-63DC372CF41D}.Release|x86.ActiveCfg = Release|x86
		{7EDA8CFE-B576-480B-804E-63DC372CF41D}.Release|x86.Build.0 = Release|x86
		{7EDA8CFE-B576-480B-804E-63DC372CF41D}.SandBox|Any CPU.ActiveCfg = Release|Any CPU
		{7EDA8CFE-B576-480B-804E-63DC372CF41D}.SandBox|Any CPU.Build.0 = Release|Any CPU
		{7EDA8CFE-B576-480B-804E-63DC372CF41D}.SandBox|x86.ActiveCfg = Release|x86
		{7EDA8CFE-B576-480B-804E-63DC372CF41D}.SandBox|x86.Build.0 = Release|x86
		{4832D00A-BE3B-4F3B-93DB-D2FB6406F1B3}.Debug|Any CPU.ActiveCfg = Debug|Any CPU
		{4832D00A-BE3B-4F3B-93DB-D2FB6406F1B3}.Debug|Any CPU.Build.0 = Debug|Any CPU
		{4832D00A-BE3B-4F3B-93DB-D2FB6406F1B3}.Debug|x86.ActiveCfg = Debug|x86
		{4832D00A-BE3B-4F3B-93DB-D2FB6406F1B3}.Debug|x86.Build.0 = Debug|x86
		{4832D00A-BE3B-4F3B-93DB-D2FB6406F1B3}.Deploy|Any CPU.ActiveCfg = Debug|Any CPU
		{4832D00A-BE3B-4F3B-93DB-D2FB6406F1B3}.Deploy|Any CPU.Build.0 = Debug|Any CPU
		{4832D00A-BE3B-4F3B-93DB-D2FB6406F1B3}.Deploy|x86.ActiveCfg = Debug|x86
		{4832D00A-BE3B-4F3B-93DB-D2FB6406F1B3}.Deploy|x86.Build.0 = Debug|x86
		{4832D00A-BE3B-4F3B-93DB-D2FB6406F1B3}.net40|Any CPU.ActiveCfg = Release|Any CPU
		{4832D00A-BE3B-4F3B-93DB-D2FB6406F1B3}.net40|Any CPU.Build.0 = Release|Any CPU
		{4832D00A-BE3B-4F3B-93DB-D2FB6406F1B3}.net40|x86.ActiveCfg = Release|x86
		{4832D00A-BE3B-4F3B-93DB-D2FB6406F1B3}.net40|x86.Build.0 = Release|x86
		{4832D00A-BE3B-4F3B-93DB-D2FB6406F1B3}.Release|Any CPU.ActiveCfg = Release|Any CPU
		{4832D00A-BE3B-4F3B-93DB-D2FB6406F1B3}.Release|Any CPU.Build.0 = Release|Any CPU
		{4832D00A-BE3B-4F3B-93DB-D2FB6406F1B3}.Release|x86.ActiveCfg = Release|x86
		{4832D00A-BE3B-4F3B-93DB-D2FB6406F1B3}.Release|x86.Build.0 = Release|x86
		{4832D00A-BE3B-4F3B-93DB-D2FB6406F1B3}.SandBox|Any CPU.ActiveCfg = Release|Any CPU
		{4832D00A-BE3B-4F3B-93DB-D2FB6406F1B3}.SandBox|Any CPU.Build.0 = Release|Any CPU
		{4832D00A-BE3B-4F3B-93DB-D2FB6406F1B3}.SandBox|x86.ActiveCfg = Release|x86
		{4832D00A-BE3B-4F3B-93DB-D2FB6406F1B3}.SandBox|x86.Build.0 = Release|x86
		{A3FCE345-F767-487F-86BF-DFA78B4BC218}.Debug|Any CPU.ActiveCfg = Debug|Any CPU
		{A3FCE345-F767-487F-86BF-DFA78B4BC218}.Debug|Any CPU.Build.0 = Debug|Any CPU
		{A3FCE345-F767-487F-86BF-DFA78B4BC218}.Debug|x86.ActiveCfg = Debug|x86
		{A3FCE345-F767-487F-86BF-DFA78B4BC218}.Debug|x86.Build.0 = Debug|x86
		{A3FCE345-F767-487F-86BF-DFA78B4BC218}.Deploy|Any CPU.ActiveCfg = Debug|Any CPU
		{A3FCE345-F767-487F-86BF-DFA78B4BC218}.Deploy|Any CPU.Build.0 = Debug|Any CPU
		{A3FCE345-F767-487F-86BF-DFA78B4BC218}.Deploy|x86.ActiveCfg = Debug|x86
		{A3FCE345-F767-487F-86BF-DFA78B4BC218}.Deploy|x86.Build.0 = Debug|x86
		{A3FCE345-F767-487F-86BF-DFA78B4BC218}.net40|Any CPU.ActiveCfg = Release|Any CPU
		{A3FCE345-F767-487F-86BF-DFA78B4BC218}.net40|Any CPU.Build.0 = Release|Any CPU
		{A3FCE345-F767-487F-86BF-DFA78B4BC218}.net40|x86.ActiveCfg = Release|x86
		{A3FCE345-F767-487F-86BF-DFA78B4BC218}.net40|x86.Build.0 = Release|x86
		{A3FCE345-F767-487F-86BF-DFA78B4BC218}.Release|Any CPU.ActiveCfg = Release|Any CPU
		{A3FCE345-F767-487F-86BF-DFA78B4BC218}.Release|Any CPU.Build.0 = Release|Any CPU
		{A3FCE345-F767-487F-86BF-DFA78B4BC218}.Release|x86.ActiveCfg = Release|x86
		{A3FCE345-F767-487F-86BF-DFA78B4BC218}.Release|x86.Build.0 = Release|x86
		{A3FCE345-F767-487F-86BF-DFA78B4BC218}.SandBox|Any CPU.ActiveCfg = Release|Any CPU
		{A3FCE345-F767-487F-86BF-DFA78B4BC218}.SandBox|Any CPU.Build.0 = Release|Any CPU
		{A3FCE345-F767-487F-86BF-DFA78B4BC218}.SandBox|x86.ActiveCfg = Release|x86
		{A3FCE345-F767-487F-86BF-DFA78B4BC218}.SandBox|x86.Build.0 = Release|x86
	EndGlobalSection
	GlobalSection(SolutionProperties) = preSolution
		HideSolutionNode = FALSE
	EndGlobalSection
	GlobalSection(NestedProjects) = preSolution
		{3827411C-B50A-4696-9BD3-B7A71F25801A} = {4F5BF002-399D-4830-BA4E-23EE97D97956}
		{A9FDC380-DAB2-4E40-B5D1-563B5023AAFC} = {4F5BF002-399D-4830-BA4E-23EE97D97956}
		{7EDA8CFE-B576-480B-804E-63DC372CF41D} = {DAF26FA7-FEE5-45D5-81D3-A473B858C7AA}
		{4832D00A-BE3B-4F3B-93DB-D2FB6406F1B3} = {DAF26FA7-FEE5-45D5-81D3-A473B858C7AA}
		{A3FCE345-F767-487F-86BF-DFA78B4BC218} = {DAF26FA7-FEE5-45D5-81D3-A473B858C7AA}
	EndGlobalSection
	GlobalSection(ExtensibilityGlobals) = postSolution
		SolutionGuid = {0295A474-5FDB-4E74-89E4-048C0F088903}
	EndGlobalSection
EndGlobal
