
Microsoft Visual Studio Solution File, Format Version 12.00
# Visual Studio 15
VisualStudioVersion = 15.0.27004.2006
MinimumVisualStudioVersion = 10.0.40219.1
Project("{E24C65DC-7377-472B-9ABA-BC803B73C61A}") = "MarkdownMonsterWeb(1)", ".", "{6AB5E445-9660-454B-BF02-506000EED978}"
	ProjectSection(WebsiteProperties) = preProject
		TargetFrameworkMoniker = ".NETFramework,Version%3Dv4.6.1"
		Debug.AspNetCompiler.VirtualPath = "/localhost_38903"
		Debug.AspNetCompiler.PhysicalPath = "..\MarkdownMonsterWeb\"
		Debug.AspNetCompiler.TargetPath = "PrecompiledWeb\localhost_38903\"
		Debug.AspNetCompiler.Updateable = "true"
		Debug.AspNetCompiler.ForceOverwrite = "true"
		Debug.AspNetCompiler.FixedNames = "false"
		Debug.AspNetCompiler.Debug = "True"
		Release.AspNetCompiler.VirtualPath = "/localhost_38903"
		Release.AspNetCompiler.PhysicalPath = "..\MarkdownMonsterWeb\"
		Release.AspNetCompiler.TargetPath = "PrecompiledWeb\localhost_38903\"
		Release.AspNetCompiler.Updateable = "true"
		Release.AspNetCompiler.ForceOverwrite = "true"
		Release.AspNetCompiler.FixedNames = "false"
		Release.AspNetCompiler.Debug = "False"
		VWDPort = "38903"
		SlnRelativePath = "..\MarkdownMonsterWeb\"
	EndProjectSection
EndProject
Global
	GlobalSection(SolutionConfigurationPlatforms) = preSolution
		Debug|Any CPU = Debug|Any CPU
	EndGlobalSection
	GlobalSection(ProjectConfigurationPlatforms) = postSolution
		{6AB5E445-9660-454B-BF02-506000EED978}.Debug|Any CPU.ActiveCfg = Debug|Any CPU
		{6AB5E445-9660-454B-BF02-506000EED978}.Debug|Any CPU.Build.0 = Debug|Any CPU
	EndGlobalSection
	GlobalSection(SolutionProperties) = preSolution
		HideSolutionNode = FALSE
	EndGlobalSection
	GlobalSection(ExtensibilityGlobals) = postSolution
		SolutionGuid = {7F812AB9-7E74-4A44-9202-B87D6CC7B3B7}
	EndGlobalSection
EndGlobal
