
Microsoft Visual Studio Solution File, Format Version 12.00
# Visual Studio Version 16
VisualStudioVersion = 16.0.28407.52
MinimumVisualStudioVersion = 10.0.40219.1
Project("{E24C65DC-7377-472B-9ABA-BC803B73C61A}") = "MarkdownMonsterWeb(2)", ".", "{132F7B3F-1A78-41F9-BCB6-6CFE4DDB4E38}"
	ProjectSection(WebsiteProperties) = preProject
		TargetFrameworkMoniker = ".NETFramework,Version%3Dv4.7.2"
		Debug.AspNetCompiler.VirtualPath = "/localhost_61921"
		Debug.AspNetCompiler.PhysicalPath = "..\MarkdownMonsterWeb\"
		Debug.AspNetCompiler.TargetPath = "PrecompiledWeb\localhost_61921\"
		Debug.AspNetCompiler.Updateable = "true"
		Debug.AspNetCompiler.ForceOverwrite = "true"
		Debug.AspNetCompiler.FixedNames = "false"
		Debug.AspNetCompiler.Debug = "True"
		Release.AspNetCompiler.VirtualPath = "/localhost_61921"
		Release.AspNetCompiler.PhysicalPath = "..\MarkdownMonsterWeb\"
		Release.AspNetCompiler.TargetPath = "PrecompiledWeb\localhost_61921\"
		Release.AspNetCompiler.Updateable = "true"
		Release.AspNetCompiler.ForceOverwrite = "true"
		Release.AspNetCompiler.FixedNames = "false"
		Release.AspNetCompiler.Debug = "False"
		VWDPort = "61921"
		SlnRelativePath = "..\MarkdownMonsterWeb\"
	EndProjectSection
EndProject
Global
	GlobalSection(SolutionConfigurationPlatforms) = preSolution
		Debug|Any CPU = Debug|Any CPU
	EndGlobalSection
	GlobalSection(ProjectConfigurationPlatforms) = postSolution
		{132F7B3F-1A78-41F9-BCB6-6CFE4DDB4E38}.Debug|Any CPU.ActiveCfg = Debug|Any CPU
		{132F7B3F-1A78-41F9-BCB6-6CFE4DDB4E38}.Debug|Any CPU.Build.0 = Debug|Any CPU
	EndGlobalSection
	GlobalSection(SolutionProperties) = preSolution
		HideSolutionNode = FALSE
	EndGlobalSection
	GlobalSection(ExtensibilityGlobals) = postSolution
		SolutionGuid = {2B6F3E36-B1D3-4A3A-9655-5CB60EB36615}
	EndGlobalSection
EndGlobal
